{
    "name": "@codecrafters/build-your-own-http-server",
    "version": "1.0.0",
    "lockfileVersion": 3,
    "requires": true,
    "packages": {
        "": {
            "name": "@codecrafters/build-your-own-http-server",
            "version": "1.0.0",
            "license": "MIT",
            "dependencies": {
                "gzip-js": "^0.3.2"
            }
        },
        "node_modules/crc32": {
            "version": "0.2.2",
            "resolved": "https://registry.npmjs.org/crc32/-/crc32-0.2.2.tgz",
            "integrity": "sha512-PFZEGbDUeoNbL2GHIEpJRQGheXReDody/9axKTxhXtQqIL443wnNigtVZO9iuCIMPApKZRv7k2xr8euXHqNxQQ==",
            "bin": {
                "crc32": "bin/runner.js"
            },
            "engines": {
                "node": ">= 0.4.0"
            }
        },
        "node_modules/deflate-js": {
            "version": "0.2.3",
            "resolved": "https://registry.npmjs.org/deflate-js/-/deflate-js-0.2.3.tgz",
            "integrity": "sha512-r5KgHJ/yTiWQs23nVeQz5dSL/kmW0MBszsssNyEqDCjjFDj4XG/c6QUN/I0JtY3ZHwwcaNBtGE8s+oV33acTfQ==",
            "bin": {
                "deflate-js": "bin/deflate.js",
                "inflate-js": "bin/inflate.js"
            },
            "engines": {
                "node": ">= 0.4.0"
            }
        },
        "node_modules/gzip-js": {
            "version": "0.3.2",
            "resolved": "https://registry.npmjs.org/gzip-js/-/gzip-js-0.3.2.tgz",
            "integrity": "sha512-BFTiwtEN12koJsnhVo77SzW+u6VANzhaK0HEtdwFwgFzFOq1WQJ8eSPEyGAueUfs1C/WqdgtuYnUwCRuRm1A5Q==",
            "dependencies": {
                "crc32": ">= 0.2.2",
                "deflate-js": ">= 0.2.2"
            },
            "bin": {
                "gunzip-js": "bin/gunzip.js",
                "gzip-js": "bin/gzip.js"
            },
            "engines": {
                "node": ">= 0.4.0"
            }
        }
    }
}
